
Microsoft Visual Studio Solution File, Format Version 12.00
# Visual Studio Version 17
VisualStudioVersion = 17.14.36811.4 d17.14
MinimumVisualStudioVersion = 10.0.40219.1
Project("{FAE04EC0-301F-11D3-BF4B-00C04F79EFBC}") = "stopwatch", "stopwatch.csproj", "{261A49DF-2153-45F6-865A-3613F48225F6}"
EndProject
Global
	GlobalSection(SolutionConfigurationPlatforms) = preSolution
		Debug|Any CPU = Debug|Any CPU
		Release|Any CPU = Release|Any CPU
	EndGlobalSection
	GlobalSection(ProjectConfigurationPlatforms) = postSolution
		{261A49DF-2153-45F6-865A-3613F48225F6}.Debug|Any CPU.ActiveCfg = Debug|Any CPU
		{261A49DF-2153-45F6-865A-3613F48225F6}.Debug|Any CPU.Build.0 = Debug|Any CPU
		{261A49DF-2153-45F6-865A-3613F48225F6}.Release|Any CPU.ActiveCfg = Release|Any CPU
		{261A49DF-2153-45F6-865A-3613F48225F6}.Release|Any CPU.Build.0 = Release|Any CPU
	EndGlobalSection
	GlobalSection(SolutionProperties) = preSolution
		HideSolutionNode = FALSE
	EndGlobalSection
	GlobalSection(ExtensibilityGlobals) = postSolution
		SolutionGuid = {7DB7F770-53B7-42C9-A706-3C2FBE548495}
	EndGlobalSection
EndGlobal
